
Microsoft Visual Studio Solution File, Format Version 12.00
# Visual Studio Version 17
VisualStudioVersion = 17.10.35013.160
MinimumVisualStudioVersion = 10.0.40219.1
Project("{FAE04EC0-301F-11D3-BF4B-00C04F79EFBC}") = "Example2.ExtraneousFetching", "ExtraneousFetching\Example2.ExtraneousFetching.csproj", "{9E37C4CB-1561-447D-819B-437EACE288F9}"
EndProject
Project("{9A19103F-16F7-4668-BE54-9A1E7A4F7556}") = "DataContext", "DataContext\DataContext.csproj", "{8F5B6705-C788-4830-87E3-794606F71221}"
EndProject
Project("{FAE04EC0-301F-11D3-BF4B-00C04F79EFBC}") = "Example4.N+1", "N+1\Example4.N+1.csproj", "{D7756E29-D230-4CAD-930F-D1289FC3CCC2}"
EndProject
Project("{FAE04EC0-301F-11D3-BF4B-00C04F79EFBC}") = "Example1.DatabaseIndexing", "DatabaseIndexing\Example1.DatabaseIndexing.csproj", "{68FA2398-260A-41BD-98EE-85569F6A720D}"
EndProject
Global
	GlobalSection(SolutionConfigurationPlatforms) = preSolution
		Debug|Any CPU = Debug|Any CPU
		Release|Any CPU = Release|Any CPU
	EndGlobalSection
	GlobalSection(ProjectConfigurationPlatforms) = postSolution
		{9E37C4CB-1561-447D-819B-437EACE288F9}.Debug|Any CPU.ActiveCfg = Debug|Any CPU
		{9E37C4CB-1561-447D-819B-437EACE288F9}.Debug|Any CPU.Build.0 = Debug|Any CPU
		{9E37C4CB-1561-447D-819B-437EACE288F9}.Release|Any CPU.ActiveCfg = Release|Any CPU
		{9E37C4CB-1561-447D-819B-437EACE288F9}.Release|Any CPU.Build.0 = Release|Any CPU
		{8F5B6705-C788-4830-87E3-794606F71221}.Debug|Any CPU.ActiveCfg = Debug|Any CPU
		{8F5B6705-C788-4830-87E3-794606F71221}.Debug|Any CPU.Build.0 = Debug|Any CPU
		{8F5B6705-C788-4830-87E3-794606F71221}.Release|Any CPU.ActiveCfg = Release|Any CPU
		{8F5B6705-C788-4830-87E3-794606F71221}.Release|Any CPU.Build.0 = Release|Any CPU
		{D7756E29-D230-4CAD-930F-D1289FC3CCC2}.Debug|Any CPU.ActiveCfg = Debug|Any CPU
		{D7756E29-D230-4CAD-930F-D1289FC3CCC2}.Debug|Any CPU.Build.0 = Debug|Any CPU
		{D7756E29-D230-4CAD-930F-D1289FC3CCC2}.Release|Any CPU.ActiveCfg = Release|Any CPU
		{D7756E29-D230-4CAD-930F-D1289FC3CCC2}.Release|Any CPU.Build.0 = Release|Any CPU
		{68FA2398-260A-41BD-98EE-85569F6A720D}.Debug|Any CPU.ActiveCfg = Debug|Any CPU
		{68FA2398-260A-41BD-98EE-85569F6A720D}.Debug|Any CPU.Build.0 = Debug|Any CPU
		{68FA2398-260A-41BD-98EE-85569F6A720D}.Release|Any CPU.ActiveCfg = Release|Any CPU
		{68FA2398-260A-41BD-98EE-85569F6A720D}.Release|Any CPU.Build.0 = Release|Any CPU
	EndGlobalSection
	GlobalSection(SolutionProperties) = preSolution
		HideSolutionNode = FALSE
	EndGlobalSection
	GlobalSection(ExtensibilityGlobals) = postSolution
		SolutionGuid = {CC057A66-8C00-4051-A372-6723AFA5ECBD}
	EndGlobalSection
EndGlobal
